
Microsoft Visual Studio Solution File, Format Version 12.00
# Visual Studio 2012
Project("{FAE04EC0-301F-11D3-BF4B-00C04F79EFBC}") = "Core", "Core\Core.csproj", "{D0F3758E-2E0C-4390-AD7F-FFB81342983B}"
EndProject
Project("{FAE04EC0-301F-11D3-BF4B-00C04F79EFBC}") = "TestApp", "TestApp\TestApp.csproj", "{93FFCEC9-A086-4EF9-8020-D5B961281049}"
EndProject
Global
	GlobalSection(SolutionConfigurationPlatforms) = preSolution
		Debug|Any CPU = Debug|Any CPU
		Release|Any CPU = Release|Any CPU
	EndGlobalSection
	GlobalSection(ProjectConfigurationPlatforms) = postSolution
		{D0F3758E-2E0C-4390-AD7F-FFB81342983B}.Debug|Any CPU.ActiveCfg = Debug|Any CPU
		{D0F3758E-2E0C-4390-AD7F-FFB81342983B}.Debug|Any CPU.Build.0 = Debug|Any CPU
		{D0F3758E-2E0C-4390-AD7F-FFB81342983B}.Release|Any CPU.ActiveCfg = Release|Any CPU
		{D0F3758E-2E0C-4390-AD7F-FFB81342983B}.Release|Any CPU.Build.0 = Release|Any CPU
		{93FFCEC9-A086-4EF9-8020-D5B961281049}.Debug|Any CPU.ActiveCfg = Debug|Any CPU
		{93FFCEC9-A086-4EF9-8020-D5B961281049}.Debug|Any CPU.Build.0 = Debug|Any CPU
		{93FFCEC9-A086-4EF9-8020-D5B961281049}.Release|Any CPU.ActiveCfg = Release|Any CPU
		{93FFCEC9-A086-4EF9-8020-D5B961281049}.Release|Any CPU.Build.0 = Release|Any CPU
	EndGlobalSection
EndGlobal
